
Microsoft Visual Studio Solution File, Format Version 12.00
# Visual Studio Version 17
VisualStudioVersion = 17.8.34322.80
MinimumVisualStudioVersion = 10.0.40219.1
Project("{FAE04EC0-301F-11D3-BF4B-00C04F79EFBC}") = "Observer Design Pattern", "Observer Design Pattern\Observer Design Pattern.csproj", "{48FDF701-D403-4255-B313-6A1C6E28ED35}"
EndProject
Global
	GlobalSection(SolutionConfigurationPlatforms) = preSolution
		Debug|Any CPU = Debug|Any CPU
		Release|Any CPU = Release|Any CPU
	EndGlobalSection
	GlobalSection(ProjectConfigurationPlatforms) = postSolution
		{48FDF701-D403-4255-B313-6A1C6E28ED35}.Debug|Any CPU.ActiveCfg = Debug|Any CPU
		{48FDF701-D403-4255-B313-6A1C6E28ED35}.Debug|Any CPU.Build.0 = Debug|Any CPU
		{48FDF701-D403-4255-B313-6A1C6E28ED35}.Release|Any CPU.ActiveCfg = Release|Any CPU
		{48FDF701-D403-4255-B313-6A1C6E28ED35}.Release|Any CPU.Build.0 = Release|Any CPU
	EndGlobalSection
	GlobalSection(SolutionProperties) = preSolution
		HideSolutionNode = FALSE
	EndGlobalSection
	GlobalSection(ExtensibilityGlobals) = postSolution
		SolutionGuid = {611747EB-9FAD-4AEE-882B-DB139A58E769}
	EndGlobalSection
EndGlobal
